
Microsoft Visual Studio Solution File, Format Version 12.00
# Visual Studio Version 16
VisualStudioVersion = 16.0.31112.23
MinimumVisualStudioVersion = 10.0.40219.1
Project("{9A19103F-16F7-4668-BE54-9A1E7A4F7556}") = "WeddingPhotoBooth", "WeddingPhotoBooth\WeddingPhotoBooth.csproj", "{3A227655-5F73-4FFE-8C1D-3F81D164EA22}"
EndProject
Project("{FAE04EC0-301F-11D3-BF4B-00C04F79EFBC}") = "PhotoBoothSendEmailsTool", "PhotoBoothSendEmailsTool\PhotoBoothSendEmailsTool.csproj", "{23C5C795-86A8-413E-9390-0687C2FF3CFB}"
EndProject
Global
	GlobalSection(SolutionConfigurationPlatforms) = preSolution
		Debug|Any CPU = Debug|Any CPU
		Release|Any CPU = Release|Any CPU
	EndGlobalSection
	GlobalSection(ProjectConfigurationPlatforms) = postSolution
		{3A227655-5F73-4FFE-8C1D-3F81D164EA22}.Debug|Any CPU.ActiveCfg = Debug|Any CPU
		{3A227655-5F73-4FFE-8C1D-3F81D164EA22}.Debug|Any CPU.Build.0 = Debug|Any CPU
		{3A227655-5F73-4FFE-8C1D-3F81D164EA22}.Release|Any CPU.ActiveCfg = Release|Any CPU
		{3A227655-5F73-4FFE-8C1D-3F81D164EA22}.Release|Any CPU.Build.0 = Release|Any CPU
		{23C5C795-86A8-413E-9390-0687C2FF3CFB}.Debug|Any CPU.ActiveCfg = Debug|Any CPU
		{23C5C795-86A8-413E-9390-0687C2FF3CFB}.Debug|Any CPU.Build.0 = Debug|Any CPU
		{23C5C795-86A8-413E-9390-0687C2FF3CFB}.Release|Any CPU.ActiveCfg = Release|Any CPU
		{23C5C795-86A8-413E-9390-0687C2FF3CFB}.Release|Any CPU.Build.0 = Release|Any CPU
	EndGlobalSection
	GlobalSection(SolutionProperties) = preSolution
		HideSolutionNode = FALSE
	EndGlobalSection
	GlobalSection(ExtensibilityGlobals) = postSolution
		SolutionGuid = {D19B2F2F-0913-43A4-A6B5-4EA722A82195}
	EndGlobalSection
EndGlobal
