
Microsoft Visual Studio Solution File, Format Version 12.00
# Visual Studio 15
VisualStudioVersion = 15.0.28307.271
MinimumVisualStudioVersion = 10.0.40219.1
Project("{FAE04EC0-301F-11D3-BF4B-00C04F79EFBC}") = "WeddingPhotoBooth", "WeddingPhotoBooth\WeddingPhotoBooth.csproj", "{3A227655-5F73-4FFE-8C1D-3F81D164EA22}"
EndProject
Global
	GlobalSection(SolutionConfigurationPlatforms) = preSolution
		Debug|Any CPU = Debug|Any CPU
		Release|Any CPU = Release|Any CPU
	EndGlobalSection
	GlobalSection(ProjectConfigurationPlatforms) = postSolution
		{3A227655-5F73-4FFE-8C1D-3F81D164EA22}.Debug|Any CPU.ActiveCfg = Debug|Any CPU
		{3A227655-5F73-4FFE-8C1D-3F81D164EA22}.Debug|Any CPU.Build.0 = Debug|Any CPU
		{3A227655-5F73-4FFE-8C1D-3F81D164EA22}.Release|Any CPU.ActiveCfg = Release|Any CPU
		{3A227655-5F73-4FFE-8C1D-3F81D164EA22}.Release|Any CPU.Build.0 = Release|Any CPU
	EndGlobalSection
	GlobalSection(SolutionProperties) = preSolution
		HideSolutionNode = FALSE
	EndGlobalSection
	GlobalSection(ExtensibilityGlobals) = postSolution
		SolutionGuid = {D19B2F2F-0913-43A4-A6B5-4EA722A82195}
	EndGlobalSection
EndGlobal
